
Microsoft Visual Studio Solution File, Format Version 12.00
# Visual Studio Version 17
VisualStudioVersion = 17.7.34031.279
MinimumVisualStudioVersion = 10.0.40219.1
Project("{FAE04EC0-301F-11D3-BF4B-00C04F79EFBC}") = "Aron_Andreea_Lab1", "Aron_Andreea_Lab1.csproj", "{3D8C0709-FC5C-453C-865A-BD42A070CA95}"
EndProject
Global
	GlobalSection(SolutionConfigurationPlatforms) = preSolution
		Debug|Any CPU = Debug|Any CPU
		Release|Any CPU = Release|Any CPU
	EndGlobalSection
	GlobalSection(ProjectConfigurationPlatforms) = postSolution
		{3D8C0709-FC5C-453C-865A-BD42A070CA95}.Debug|Any CPU.ActiveCfg = Debug|Any CPU
		{3D8C0709-FC5C-453C-865A-BD42A070CA95}.Debug|Any CPU.Build.0 = Debug|Any CPU
		{3D8C0709-FC5C-453C-865A-BD42A070CA95}.Release|Any CPU.ActiveCfg = Release|Any CPU
		{3D8C0709-FC5C-453C-865A-BD42A070CA95}.Release|Any CPU.Build.0 = Release|Any CPU
	EndGlobalSection
	GlobalSection(SolutionProperties) = preSolution
		HideSolutionNode = FALSE
	EndGlobalSection
	GlobalSection(ExtensibilityGlobals) = postSolution
		SolutionGuid = {8AFEBA69-7A09-44B5-9F21-CB06B2642B92}
	EndGlobalSection
EndGlobal
